
Microsoft Visual Studio Solution File, Format Version 12.00
# Visual Studio Express 2012 for Windows Desktop
Project("{FAE04EC0-301F-11D3-BF4B-00C04F79EFBC}") = "EjercicioNro03", "EjercicioNro03\EjercicioNro03.csproj", "{E5B75092-432B-4EEE-85A1-A31B95780E84}"
EndProject
Global
	GlobalSection(SolutionConfigurationPlatforms) = preSolution
		Debug|Any CPU = Debug|Any CPU
		Release|Any CPU = Release|Any CPU
	EndGlobalSection
	GlobalSection(ProjectConfigurationPlatforms) = postSolution
		{E5B75092-432B-4EEE-85A1-A31B95780E84}.Debug|Any CPU.ActiveCfg = Debug|Any CPU
		{E5B75092-432B-4EEE-85A1-A31B95780E84}.Debug|Any CPU.Build.0 = Debug|Any CPU
		{E5B75092-432B-4EEE-85A1-A31B95780E84}.Release|Any CPU.ActiveCfg = Release|Any CPU
		{E5B75092-432B-4EEE-85A1-A31B95780E84}.Release|Any CPU.Build.0 = Release|Any CPU
	EndGlobalSection
	GlobalSection(SolutionProperties) = preSolution
		HideSolutionNode = FALSE
	EndGlobalSection
EndGlobal
