
Microsoft Visual Studio Solution File, Format Version 12.00
# Visual Studio Express 2012 for Windows Desktop
Project("{FAE04EC0-301F-11D3-BF4B-00C04F79EFBC}") = "EjercicioNro10", "EjercicioNro10\EjercicioNro10.csproj", "{DD69C4DB-6A73-46A2-86C7-F256A97DA272}"
EndProject
Global
	GlobalSection(SolutionConfigurationPlatforms) = preSolution
		Debug|Any CPU = Debug|Any CPU
		Release|Any CPU = Release|Any CPU
	EndGlobalSection
	GlobalSection(ProjectConfigurationPlatforms) = postSolution
		{DD69C4DB-6A73-46A2-86C7-F256A97DA272}.Debug|Any CPU.ActiveCfg = Debug|Any CPU
		{DD69C4DB-6A73-46A2-86C7-F256A97DA272}.Debug|Any CPU.Build.0 = Debug|Any CPU
		{DD69C4DB-6A73-46A2-86C7-F256A97DA272}.Release|Any CPU.ActiveCfg = Release|Any CPU
		{DD69C4DB-6A73-46A2-86C7-F256A97DA272}.Release|Any CPU.Build.0 = Release|Any CPU
	EndGlobalSection
	GlobalSection(SolutionProperties) = preSolution
		HideSolutionNode = FALSE
	EndGlobalSection
EndGlobal
