
Microsoft Visual Studio Solution File, Format Version 12.00
# Visual Studio Express 2012 for Windows Desktop
Project("{FAE04EC0-301F-11D3-BF4B-00C04F79EFBC}") = "EjercicioNro04", "EjercicioNro04\EjercicioNro04.csproj", "{BECA5076-A2E1-4852-AABA-97475E306576}"
EndProject
Global
	GlobalSection(SolutionConfigurationPlatforms) = preSolution
		Debug|Any CPU = Debug|Any CPU
		Release|Any CPU = Release|Any CPU
	EndGlobalSection
	GlobalSection(ProjectConfigurationPlatforms) = postSolution
		{BECA5076-A2E1-4852-AABA-97475E306576}.Debug|Any CPU.ActiveCfg = Debug|Any CPU
		{BECA5076-A2E1-4852-AABA-97475E306576}.Debug|Any CPU.Build.0 = Debug|Any CPU
		{BECA5076-A2E1-4852-AABA-97475E306576}.Release|Any CPU.ActiveCfg = Release|Any CPU
		{BECA5076-A2E1-4852-AABA-97475E306576}.Release|Any CPU.Build.0 = Release|Any CPU
	EndGlobalSection
	GlobalSection(SolutionProperties) = preSolution
		HideSolutionNode = FALSE
	EndGlobalSection
EndGlobal
